
Microsoft Visual Studio Solution File, Format Version 12.00
# Visual Studio 15
VisualStudioVersion = 15.0.27004.2009
MinimumVisualStudioVersion = 10.0.40219.1
Project("{FAE04EC0-301F-11D3-BF4B-00C04F79EFBC}") = "AspnetCoreFunctionalTestDemo", "AspnetCoreFunctionalTestDemo\AspnetCoreFunctionalTestDemo.csproj", "{CD7BB9F4-DD07-41BF-AB11-BF4141ED9E6A}"
EndProject
Global
	GlobalSection(SolutionConfigurationPlatforms) = preSolution
		Debug|Any CPU = Debug|Any CPU
		Release|Any CPU = Release|Any CPU
	EndGlobalSection
	GlobalSection(ProjectConfigurationPlatforms) = postSolution
		{CD7BB9F4-DD07-41BF-AB11-BF4141ED9E6A}.Debug|Any CPU.ActiveCfg = Debug|Any CPU
		{CD7BB9F4-DD07-41BF-AB11-BF4141ED9E6A}.Debug|Any CPU.Build.0 = Debug|Any CPU
		{CD7BB9F4-DD07-41BF-AB11-BF4141ED9E6A}.Release|Any CPU.ActiveCfg = Release|Any CPU
		{CD7BB9F4-DD07-41BF-AB11-BF4141ED9E6A}.Release|Any CPU.Build.0 = Release|Any CPU
	EndGlobalSection
	GlobalSection(SolutionProperties) = preSolution
		HideSolutionNode = FALSE
	EndGlobalSection
	GlobalSection(ExtensibilityGlobals) = postSolution
		SolutionGuid = {C3204683-BC3A-4000-9BB6-5DB7C6FC05C3}
	EndGlobalSection
EndGlobal
